// !$*UTF8*$!
{
	archiveVersion = 1;
	classes = {
	};
	objectVersion = 51;
	objects = {

/* Begin PBXBuildFile section */
		BA068D4B4E327F29B66ABC53 /* Pods_TodayLuck.framework in Frameworks */ = {isa = PBXBuildFile; fileRef = 93480D8770CB104D55F987E1 /* Pods_TodayLuck.framework */; };
		F176CE7E2DF2EDDF001FF6DA /* AppDelegate.swift in Sources */ = {isa = PBXBuildFile; fileRef = F176CE7D2DF2EDDF001FF6DA /* AppDelegate.swift */; };
		F176CE802DF2EDDF001FF6DA /* SceneDelegate.swift in Sources */ = {isa = PBXBuildFile; fileRef = F176CE7F2DF2EDDF001FF6DA /* SceneDelegate.swift */; };
		F176CE822DF2EDDF001FF6DA /* HomeController.swift in Sources */ = {isa = PBXBuildFile; fileRef = F176CE812DF2EDDF001FF6DA /* HomeController.swift */; };
		F176CE852DF2EDDF001FF6DA /* Main.storyboard in Resources */ = {isa = PBXBuildFile; fileRef = F176CE832DF2EDDF001FF6DA /* Main.storyboard */; };
		F176CE872DF2EDE5001FF6DA /* Assets.xcassets in Resources */ = {isa = PBXBuildFile; fileRef = F176CE862DF2EDE5001FF6DA /* Assets.xcassets */; };
		F176CE8A2DF2EDE5001FF6DA /* LaunchScreen.storyboard in Resources */ = {isa = PBXBuildFile; fileRef = F176CE882DF2EDE5001FF6DA /* LaunchScreen.storyboard */; };
		F176CE922DF30F2E001FF6DA /* ResultController.swift in Sources */ = {isa = PBXBuildFile; fileRef = F176CE912DF30F2E001FF6DA /* ResultController.swift */; };
		F176CE942DF30F91001FF6DA /* ListController.swift in Sources */ = {isa = PBXBuildFile; fileRef = F176CE932DF30F91001FF6DA /* ListController.swift */; };
		F176CE982DF33649001FF6DA /* GoogleService-Info.plist in Resources */ = {isa = PBXBuildFile; fileRef = F176CE972DF33648001FF6DA /* GoogleService-Info.plist */; };
		F17D8C2C2DFADBBD00F361CC /* apikeys.plist in Resources */ = {isa = PBXBuildFile; fileRef = F17D8C2B2DFADBBD00F361CC /* apikeys.plist */; };
/* End PBXBuildFile section */

/* Begin PBXFileReference section */
		65F7E730D680DA232BD8F5DE /* Pods-TodayLuck.release.xcconfig */ = {isa = PBXFileReference; includeInIndex = 1; lastKnownFileType = text.xcconfig; name = "Pods-TodayLuck.release.xcconfig"; path = "Target Support Files/Pods-TodayLuck/Pods-TodayLuck.release.xcconfig"; sourceTree = "<group>"; };
		93480D8770CB104D55F987E1 /* Pods_TodayLuck.framework */ = {isa = PBXFileReference; explicitFileType = wrapper.framework; includeInIndex = 0; path = Pods_TodayLuck.framework; sourceTree = BUILT_PRODUCTS_DIR; };
		A12CAD734F7C1CE382C3D84D /* Pods-TodayLuck.debug.xcconfig */ = {isa = PBXFileReference; includeInIndex = 1; lastKnownFileType = text.xcconfig; name = "Pods-TodayLuck.debug.xcconfig"; path = "Target Support Files/Pods-TodayLuck/Pods-TodayLuck.debug.xcconfig"; sourceTree = "<group>"; };
		F176CE7A2DF2EDDF001FF6DA /* TodayLuck.app */ = {isa = PBXFileReference; explicitFileType = wrapper.application; includeInIndex = 0; path = TodayLuck.app; sourceTree = BUILT_PRODUCTS_DIR; };
		F176CE7D2DF2EDDF001FF6DA /* AppDelegate.swift */ = {isa = PBXFileReference; lastKnownFileType = sourcecode.swift; path = AppDelegate.swift; sourceTree = "<group>"; };
		F176CE7F2DF2EDDF001FF6DA /* SceneDelegate.swift */ = {isa = PBXFileReference; lastKnownFileType = sourcecode.swift; path = SceneDelegate.swift; sourceTree = "<group>"; };
		F176CE812DF2EDDF001FF6DA /* HomeController.swift */ = {isa = PBXFileReference; lastKnownFileType = sourcecode.swift; path = HomeController.swift; sourceTree = "<group>"; };
		F176CE842DF2EDDF001FF6DA /* Base */ = {isa = PBXFileReference; lastKnownFileType = file.storyboard; name = Base; path = Base.lproj/Main.storyboard; sourceTree = "<group>"; };
		F176CE862DF2EDE5001FF6DA /* Assets.xcassets */ = {isa = PBXFileReference; lastKnownFileType = folder.assetcatalog; path = Assets.xcassets; sourceTree = "<group>"; };
		F176CE892DF2EDE5001FF6DA /* Base */ = {isa = PBXFileReference; lastKnownFileType = file.storyboard; name = Base; path = Base.lproj/LaunchScreen.storyboard; sourceTree = "<group>"; };
		F176CE8B2DF2EDE5001FF6DA /* Info.plist */ = {isa = PBXFileReference; lastKnownFileType = text.plist.xml; path = Info.plist; sourceTree = "<group>"; };
		F176CE912DF30F2E001FF6DA /* ResultController.swift */ = {isa = PBXFileReference; lastKnownFileType = sourcecode.swift; path = ResultController.swift; sourceTree = "<group>"; };
		F176CE932DF30F91001FF6DA /* ListController.swift */ = {isa = PBXFileReference; lastKnownFileType = sourcecode.swift; path = ListController.swift; sourceTree = "<group>"; };
		F176CE972DF33648001FF6DA /* GoogleService-Info.plist */ = {isa = PBXFileReference; fileEncoding = 4; lastKnownFileType = text.plist.xml; path = "GoogleService-Info.plist"; sourceTree = "<group>"; };
		F17D8C2B2DFADBBD00F361CC /* apikeys.plist */ = {isa = PBXFileReference; lastKnownFileType = text.plist.xml; path = apikeys.plist; sourceTree = "<group>"; };
/* End PBXFileReference section */

/* Begin PBXFrameworksBuildPhase section */
		F176CE772DF2EDDF001FF6DA /* Frameworks */ = {
			isa = PBXFrameworksBuildPhase;
			buildActionMask = 2147483647;
			files = (
				BA068D4B4E327F29B66ABC53 /* Pods_TodayLuck.framework in Frameworks */,
			);
			runOnlyForDeploymentPostprocessing = 0;
		};
/* End PBXFrameworksBuildPhase section */

/* Begin PBXGroup section */
		2137518E5868E4A6F6F09A65 /* Pods */ = {
			isa = PBXGroup;
			children = (
				A12CAD734F7C1CE382C3D84D /* Pods-TodayLuck.debug.xcconfig */,
				65F7E730D680DA232BD8F5DE /* Pods-TodayLuck.release.xcconfig */,
			);
			path = Pods;
			sourceTree = "<group>";
		};
		CB3BDB9BC85226B3F321D48F /* Frameworks */ = {
			isa = PBXGroup;
			children = (
				93480D8770CB104D55F987E1 /* Pods_TodayLuck.framework */,
			);
			name = Frameworks;
			sourceTree = "<group>";
		};
		F176CE712DF2EDDF001FF6DA = {
			isa = PBXGroup;
			children = (
				F176CE7C2DF2EDDF001FF6DA /* TodayLuck */,
				F176CE7B2DF2EDDF001FF6DA /* Products */,
				2137518E5868E4A6F6F09A65 /* Pods */,
				CB3BDB9BC85226B3F321D48F /* Frameworks */,
			);
			sourceTree = "<group>";
		};
		F176CE7B2DF2EDDF001FF6DA /* Products */ = {
			isa = PBXGroup;
			children = (
				F176CE7A2DF2EDDF001FF6DA /* TodayLuck.app */,
			);
			name = Products;
			sourceTree = "<group>";
		};
		F176CE7C2DF2EDDF001FF6DA /* TodayLuck */ = {
			isa = PBXGroup;
			children = (
				F176CE972DF33648001FF6DA /* GoogleService-Info.plist */,
				F176CE7D2DF2EDDF001FF6DA /* AppDelegate.swift */,
				F176CE7F2DF2EDDF001FF6DA /* SceneDelegate.swift */,
				F176CE812DF2EDDF001FF6DA /* HomeController.swift */,
				F176CE832DF2EDDF001FF6DA /* Main.storyboard */,
				F176CE862DF2EDE5001FF6DA /* Assets.xcassets */,
				F176CE882DF2EDE5001FF6DA /* LaunchScreen.storyboard */,
				F176CE8B2DF2EDE5001FF6DA /* Info.plist */,
				F176CE912DF30F2E001FF6DA /* ResultController.swift */,
				F176CE932DF30F91001FF6DA /* ListController.swift */,
				F17D8C2B2DFADBBD00F361CC /* apikeys.plist */,
			);
			path = TodayLuck;
			sourceTree = "<group>";
		};
/* End PBXGroup section */

/* Begin PBXNativeTarget section */
		F176CE792DF2EDDF001FF6DA /* TodayLuck */ = {
			isa = PBXNativeTarget;
			buildConfigurationList = F176CE8E2DF2EDE5001FF6DA /* Build configuration list for PBXNativeTarget "TodayLuck" */;
			buildPhases = (
				570CDD1748AF07650F45B649 /* [CP] Check Pods Manifest.lock */,
				F176CE762DF2EDDF001FF6DA /* Sources */,
				F176CE772DF2EDDF001FF6DA /* Frameworks */,
				F176CE782DF2EDDF001FF6DA /* Resources */,
				DF75F09FAB9E410832285C95 /* [CP] Embed Pods Frameworks */,
			);
			buildRules = (
			);
			dependencies = (
			);
			name = TodayLuck;
			productName = TodayLuck;
			productReference = F176CE7A2DF2EDDF001FF6DA /* TodayLuck.app */;
			productType = "com.apple.product-type.application";
		};
/* End PBXNativeTarget section */

/* Begin PBXProject section */
		F176CE722DF2EDDF001FF6DA /* Project object */ = {
			isa = PBXProject;
			attributes = {
				LastSwiftUpdateCheck = 1250;
				LastUpgradeCheck = 1250;
				TargetAttributes = {
					F176CE792DF2EDDF001FF6DA = {
						CreatedOnToolsVersion = 12.5;
					};
				};
			};
			buildConfigurationList = F176CE752DF2EDDF001FF6DA /* Build configuration list for PBXProject "TodayLuck" */;
			compatibilityVersion = "Xcode 9.3";
			developmentRegion = en;
			hasScannedForEncodings = 0;
			knownRegions = (
				en,
				Base,
			);
			mainGroup = F176CE712DF2EDDF001FF6DA;
			productRefGroup = F176CE7B2DF2EDDF001FF6DA /* Products */;
			projectDirPath = "";
			projectRoot = "";
			targets = (
				F176CE792DF2EDDF001FF6DA /* TodayLuck */,
			);
		};
/* End PBXProject section */

/* Begin PBXResourcesBuildPhase section */
		F176CE782DF2EDDF001FF6DA /* Resources */ = {
			isa = PBXResourcesBuildPhase;
			buildActionMask = 2147483647;
			files = (
				F176CE8A2DF2EDE5001FF6DA /* LaunchScreen.storyboard in Resources */,
				F176CE982DF33649001FF6DA /* GoogleService-Info.plist in Resources */,
				F17D8C2C2DFADBBD00F361CC /* apikeys.plist in Resources */,
				F176CE872DF2EDE5001FF6DA /* Assets.xcassets in Resources */,
				F176CE852DF2EDDF001FF6DA /* Main.storyboard in Resources */,
			);
			runOnlyForDeploymentPostprocessing = 0;
		};
/* End PBXResourcesBuildPhase section */

/* Begin PBXShellScriptBuildPhase section */
		570CDD1748AF07650F45B649 /* [CP] Check Pods Manifest.lock */ = {
			isa = PBXShellScriptBuildPhase;
			buildActionMask = 2147483647;
			files = (
			);
			inputFileListPaths = (
			);
			inputPaths = (
				"${PODS_PODFILE_DIR_PATH}/Podfile.lock",
				"${PODS_ROOT}/Manifest.lock",
			);
			name = "[CP] Check Pods Manifest.lock";
			outputFileListPaths = (
			);
			outputPaths = (
				"$(DERIVED_FILE_DIR)/Pods-TodayLuck-checkManifestLockResult.txt",
			);
			runOnlyForDeploymentPostprocessing = 0;
			shellPath = /bin/sh;
			shellScript = "diff \"${PODS_PODFILE_DIR_PATH}/Podfile.lock\" \"${PODS_ROOT}/Manifest.lock\" > /dev/null\nif [ $? != 0 ] ; then\n    # print error to STDERR\n    echo \"error: The sandbox is not in sync with the Podfile.lock. Run 'pod install' or update your CocoaPods installation.\" >&2\n    exit 1\nfi\n# This output is used by Xcode 'outputs' to avoid re-running this script phase.\necho \"SUCCESS\" > \"${SCRIPT_OUTPUT_FILE_0}\"\n";
			showEnvVarsInLog = 0;
		};
		DF75F09FAB9E410832285C95 /* [CP] Embed Pods Frameworks */ = {
			isa = PBXShellScriptBuildPhase;
			buildActionMask = 2147483647;
			files = (
			);
			inputFileListPaths = (
				"${PODS_ROOT}/Target Support Files/Pods-TodayLuck/Pods-TodayLuck-frameworks-${CONFIGURATION}-input-files.xcfilelist",
			);
			name = "[CP] Embed Pods Frameworks";
			outputFileListPaths = (
				"${PODS_ROOT}/Target Support Files/Pods-TodayLuck/Pods-TodayLuck-frameworks-${CONFIGURATION}-output-files.xcfilelist",
			);
			runOnlyForDeploymentPostprocessing = 0;
			shellPath = /bin/sh;
			shellScript = "\"${PODS_ROOT}/Target Support Files/Pods-TodayLuck/Pods-TodayLuck-frameworks.sh\"\n";
			showEnvVarsInLog = 0;
		};
/* End PBXShellScriptBuildPhase section */

/* Begin PBXSourcesBuildPhase section */
		F176CE762DF2EDDF001FF6DA /* Sources */ = {
			isa = PBXSourcesBuildPhase;
			buildActionMask = 2147483647;
			files = (
				F176CE922DF30F2E001FF6DA /* ResultController.swift in Sources */,
				F176CE942DF30F91001FF6DA /* ListController.swift in Sources */,
				F176CE822DF2EDDF001FF6DA /* HomeController.swift in Sources */,
				F176CE7E2DF2EDDF001FF6DA /* AppDelegate.swift in Sources */,
				F176CE802DF2EDDF001FF6DA /* SceneDelegate.swift in Sources */,
			);
			runOnlyForDeploymentPostprocessing = 0;
		};
/* End PBXSourcesBuildPhase section */

/* Begin PBXVariantGroup section */
		F176CE832DF2EDDF001FF6DA /* Main.storyboard */ = {
			isa = PBXVariantGroup;
			children = (
				F176CE842DF2EDDF001FF6DA /* Base */,
			);
			name = Main.storyboard;
			sourceTree = "<group>";
		};
		F176CE882DF2EDE5001FF6DA /* LaunchScreen.storyboard */ = {
			isa = PBXVariantGroup;
			children = (
				F176CE892DF2EDE5001FF6DA /* Base */,
			);
			name = LaunchScreen.storyboard;
			sourceTree = "<group>";
		};
/* End PBXVariantGroup section */

/* Begin XCBuildConfiguration section */
		F176CE8C2DF2EDE5001FF6DA /* Debug */ = {
			isa = XCBuildConfiguration;
			buildSettings = {
				ALWAYS_SEARCH_USER_PATHS = NO;
				CLANG_ANALYZER_NONNULL = YES;
				CLANG_ANALYZER_NUMBER_OBJECT_CONVERSION = YES_AGGRESSIVE;
				CLANG_CXX_LANGUAGE_STANDARD = "gnu++14";
				CLANG_CXX_LIBRARY = "libc++";
				CLANG_ENABLE_MODULES = YES;
				CLANG_ENABLE_OBJC_ARC = YES;
				CLANG_ENABLE_OBJC_WEAK = YES;
				CLANG_WARN_BLOCK_CAPTURE_AUTORELEASING = YES;
				CLANG_WARN_BOOL_CONVERSION = YES;
				CLANG_WARN_COMMA = YES;
				CLANG_WARN_CONSTANT_CONVERSION = YES;
				CLANG_WARN_DEPRECATED_OBJC_IMPLEMENTATIONS = YES;
				CLANG_WARN_DIRECT_OBJC_ISA_USAGE = YES_ERROR;
				CLANG_WARN_DOCUMENTATION_COMMENTS = YES;
				CLANG_WARN_EMPTY_BODY = YES;
				CLANG_WARN_ENUM_CONVERSION = YES;
				CLANG_WARN_INFINITE_RECURSION = YES;
				CLANG_WARN_INT_CONVERSION = YES;
				CLANG_WARN_NON_LITERAL_NULL_CONVERSION = YES;
				CLANG_WARN_OBJC_IMPLICIT_RETAIN_SELF = YES;
				CLANG_WARN_OBJC_LITERAL_CONVERSION = YES;
				CLANG_WARN_OBJC_ROOT_CLASS = YES_ERROR;
				CLANG_WARN_QUOTED_INCLUDE_IN_FRAMEWORK_HEADER = YES;
				CLANG_WARN_RANGE_LOOP_ANALYSIS = YES;
				CLANG_WARN_STRICT_PROTOTYPES = YES;
				CLANG_WARN_SUSPICIOUS_MOVE = YES;
				CLANG_WARN_UNGUARDED_AVAILABILITY = YES_AGGRESSIVE;
				CLANG_WARN_UNREACHABLE_CODE = YES;
				CLANG_WARN__DUPLICATE_METHOD_MATCH = YES;
				COPY_PHASE_STRIP = NO;
				DEBUG_INFORMATION_FORMAT = dwarf;
				ENABLE_STRICT_OBJC_MSGSEND = YES;
				ENABLE_TESTABILITY = YES;
				GCC_C_LANGUAGE_STANDARD = gnu11;
				GCC_DYNAMIC_NO_PIC = NO;
				GCC_NO_COMMON_BLOCKS = YES;
				GCC_OPTIMIZATION_LEVEL = 0;
				GCC_PREPROCESSOR_DEFINITIONS = (
					"DEBUG=1",
					"$(inherited)",
				);
				GCC_WARN_64_TO_32_BIT_CONVERSION = YES;
				GCC_WARN_ABOUT_RETURN_TYPE = YES_ERROR;
				GCC_WARN_UNDECLARED_SELECTOR = YES;
				GCC_WARN_UNINITIALIZED_AUTOS = YES_AGGRESSIVE;
				GCC_WARN_UNUSED_FUNCTION = YES;
				GCC_WARN_UNUSED_VARIABLE = YES;
				IPHONEOS_DEPLOYMENT_TARGET = 14.5;
				MTL_ENABLE_DEBUG_INFO = INCLUDE_SOURCE;
				MTL_FAST_MATH = YES;
				ONLY_ACTIVE_ARCH = YES;
				SDKROOT = iphoneos;
				SWIFT_ACTIVE_COMPILATION_CONDITIONS = DEBUG;
				SWIFT_OPTIMIZATION_LEVEL = "-Onone";
			};
			name = Debug;
		};
		F176CE8D2DF2EDE5001FF6DA /* Release */ = {
			isa = XCBuildConfiguration;
			buildSettings = {
				ALWAYS_SEARCH_USER_PATHS = NO;
				CLANG_ANALYZER_NONNULL = YES;
				CLANG_ANALYZER_NUMBER_OBJECT_CONVERSION = YES_AGGRESSIVE;
				CLANG_CXX_LANGUAGE_STANDARD = "gnu++14";
				CLANG_CXX_LIBRARY = "libc++";
				CLANG_ENABLE_MODULES = YES;
				CLANG_ENABLE_OBJC_ARC = YES;
				CLANG_ENABLE_OBJC_WEAK = YES;
				CLANG_WARN_BLOCK_CAPTURE_AUTORELEASING = YES;
				CLANG_WARN_BOOL_CONVERSION = YES;
				CLANG_WARN_COMMA = YES;
				CLANG_WARN_CONSTANT_CONVERSION = YES;
				CLANG_WARN_DEPRECATED_OBJC_IMPLEMENTATIONS = YES;
				CLANG_WARN_DIRECT_OBJC_ISA_USAGE = YES_ERROR;
				CLANG_WARN_DOCUMENTATION_COMMENTS = YES;
				CLANG_WARN_EMPTY_BODY = YES;
				CLANG_WARN_ENUM_CONVERSION = YES;
				CLANG_WARN_INFINITE_RECURSION = YES;
				CLANG_WARN_INT_CONVERSION = YES;
				CLANG_WARN_NON_LITERAL_NULL_CONVERSION = YES;
				CLANG_WARN_OBJC_IMPLICIT_RETAIN_SELF = YES;
				CLANG_WARN_OBJC_LITERAL_CONVERSION = YES;
				CLANG_WARN_OBJC_ROOT_CLASS = YES_ERROR;
				CLANG_WARN_QUOTED_INCLUDE_IN_FRAMEWORK_HEADER = YES;
				CLANG_WARN_RANGE_LOOP_ANALYSIS = YES;
				CLANG_WARN_STRICT_PROTOTYPES = YES;
				CLANG_WARN_SUSPICIOUS_MOVE = YES;
				CLANG_WARN_UNGUARDED_AVAILABILITY = YES_AGGRESSIVE;
				CLANG_WARN_UNREACHABLE_CODE = YES;
				CLANG_WARN__DUPLICATE_METHOD_MATCH = YES;
				COPY_PHASE_STRIP = NO;
				DEBUG_INFORMATION_FORMAT = "dwarf-with-dsym";
				ENABLE_NS_ASSERTIONS = NO;
				ENABLE_STRICT_OBJC_MSGSEND = YES;
				GCC_C_LANGUAGE_STANDARD = gnu11;
				GCC_NO_COMMON_BLOCKS = YES;
				GCC_WARN_64_TO_32_BIT_CONVERSION = YES;
				GCC_WARN_ABOUT_RETURN_TYPE = YES_ERROR;
				GCC_WARN_UNDECLARED_SELECTOR = YES;
				GCC_WARN_UNINITIALIZED_AUTOS = YES_AGGRESSIVE;
				GCC_WARN_UNUSED_FUNCTION = YES;
				GCC_WARN_UNUSED_VARIABLE = YES;
				IPHONEOS_DEPLOYMENT_TARGET = 14.5;
				MTL_ENABLE_DEBUG_INFO = NO;
				MTL_FAST_MATH = YES;
				SDKROOT = iphoneos;
				SWIFT_COMPILATION_MODE = wholemodule;
				SWIFT_OPTIMIZATION_LEVEL = "-O";
				VALIDATE_PRODUCT = YES;
			};
			name = Release;
		};
		F176CE8F2DF2EDE5001FF6DA /* Debug */ = {
			isa = XCBuildConfiguration;
			baseConfigurationReference = A12CAD734F7C1CE382C3D84D /* Pods-TodayLuck.debug.xcconfig */;
			buildSettings = {
				ASSETCATALOG_COMPILER_APPICON_NAME = AppIcon;
				ASSETCATALOG_COMPILER_GLOBAL_ACCENT_COLOR_NAME = AccentColor;
				CODE_SIGN_STYLE = Automatic;
				INFOPLIST_FILE = TodayLuck/Info.plist;
				LD_RUNPATH_SEARCH_PATHS = (
					"$(inherited)",
					"@executable_path/Frameworks",
				);
				PRODUCT_BUNDLE_IDENTIFIER = hansung.ac.kr.TodayLuck;
				PRODUCT_NAME = "$(TARGET_NAME)";
				SWIFT_VERSION = 5.0;
				TARGETED_DEVICE_FAMILY = "1,2";
			};
			name = Debug;
		};
		F176CE902DF2EDE5001FF6DA /* Release */ = {
			isa = XCBuildConfiguration;
			baseConfigurationReference = 65F7E730D680DA232BD8F5DE /* Pods-TodayLuck.release.xcconfig */;
			buildSettings = {
				ASSETCATALOG_COMPILER_APPICON_NAME = AppIcon;
				ASSETCATALOG_COMPILER_GLOBAL_ACCENT_COLOR_NAME = AccentColor;
				CODE_SIGN_STYLE = Automatic;
				INFOPLIST_FILE = TodayLuck/Info.plist;
				LD_RUNPATH_SEARCH_PATHS = (
					"$(inherited)",
					"@executable_path/Frameworks",
				);
				PRODUCT_BUNDLE_IDENTIFIER = hansung.ac.kr.TodayLuck;
				PRODUCT_NAME = "$(TARGET_NAME)";
				SWIFT_VERSION = 5.0;
				TARGETED_DEVICE_FAMILY = "1,2";
			};
			name = Release;
		};
/* End XCBuildConfiguration section */

/* Begin XCConfigurationList section */
		F176CE752DF2EDDF001FF6DA /* Build configuration list for PBXProject "TodayLuck" */ = {
			isa = XCConfigurationList;
			buildConfigurations = (
				F176CE8C2DF2EDE5001FF6DA /* Debug */,
				F176CE8D2DF2EDE5001FF6DA /* Release */,
			);
			defaultConfigurationIsVisible = 0;
			defaultConfigurationName = Release;
		};
		F176CE8E2DF2EDE5001FF6DA /* Build configuration list for PBXNativeTarget "TodayLuck" */ = {
			isa = XCConfigurationList;
			buildConfigurations = (
				F176CE8F2DF2EDE5001FF6DA /* Debug */,
				F176CE902DF2EDE5001FF6DA /* Release */,
			);
			defaultConfigurationIsVisible = 0;
			defaultConfigurationName = Release;
		};
/* End XCConfigurationList section */
	};
	rootObject = F176CE722DF2EDDF001FF6DA /* Project object */;
}
